
Microsoft Visual Studio Solution File, Format Version 12.00
# Visual Studio Version 17
VisualStudioVersion = 17.5.002.0
MinimumVisualStudioVersion = 10.0.40219.1
Project("{9A19103F-16F7-4668-BE54-9A1E7A4F7556}") = "EncryptionProtocols", "EncryptionProtocols.csproj", "{76A23857-AEF0-404C-928A-7021D6AE25C4}"
EndProject
Global
	GlobalSection(SolutionConfigurationPlatforms) = preSolution
		Debug|Any CPU = Debug|Any CPU
		Release|Any CPU = Release|Any CPU
	EndGlobalSection
	GlobalSection(ProjectConfigurationPlatforms) = postSolution
		{76A23857-AEF0-404C-928A-7021D6AE25C4}.Debug|Any CPU.ActiveCfg = Debug|Any CPU
		{76A23857-AEF0-404C-928A-7021D6AE25C4}.Debug|Any CPU.Build.0 = Debug|Any CPU
		{76A23857-AEF0-404C-928A-7021D6AE25C4}.Release|Any CPU.ActiveCfg = Release|Any CPU
		{76A23857-AEF0-404C-928A-7021D6AE25C4}.Release|Any CPU.Build.0 = Release|Any CPU
	EndGlobalSection
	GlobalSection(SolutionProperties) = preSolution
		HideSolutionNode = FALSE
	EndGlobalSection
	GlobalSection(ExtensibilityGlobals) = postSolution
		SolutionGuid = {0E8C6D9E-9E30-42EB-9635-AF256E5CF906}
	EndGlobalSection
EndGlobal
